{
  "name": "@anandmohankp/my-libtwo",
  "version": "0.0.1",
  "lockfileVersion": 1,
  "requires": true,
  "dependencies": {
    "@anandmohankp/shared": {
      "version": "0.0.3",
      "resolved": "https://registry.npmjs.org/@anandmohankp/shared/-/shared-0.0.3.tgz",
      "integrity": "sha512-DKxTIfmO4abtny4pVD9OrOvrJbJgSm0+x/mvgZDbqU5dYu8jU0ckvdVsNp3C0VNvDeP6J+2a9CYT8ptTQabqzQ==",
      "requires": {
        "tslib": "^2.2.0"
      }
    },
    "tslib": {
      "version": "2.3.1",
      "resolved": "https://registry.npmjs.org/tslib/-/tslib-2.3.1.tgz",
      "integrity": "sha512-77EbyPPpMz+FRFRuAFlWMtmgUWGe9UOG2Z25NqCwiIjRhOf5iKGuzSe5P2w1laq+FkRy4p+PCuVkJSGkzTEKVw=="
    }
  }
}
